{
  "name": "universal-emoji-parser",
  "version": "0.5.20",
  "lockfileVersion": 1,
  "requires": true,
  "dependencies": {
    "twemoji": {
      "version": "12.0.0",
      "resolved": "https://registry.npmjs.org/twemoji/-/twemoji-12.0.0.tgz",
      "integrity": "sha512-WX7ItaFagsZW9YEPNlVf9w50FdwxZK2Bdj3Y0XcDjZ4uLhr3qt/iUoRaLO2/getMhqumhFLR2gVoPLpSBtamJg==",
      "requires": {
        "twemoji-parser": "12.0.0"
      }
    },
    "twemoji-parser": {
      "version": "12.0.0",
      "resolved": "https://registry.npmjs.org/twemoji-parser/-/twemoji-parser-12.0.0.tgz",
      "integrity": "sha512-JWZHBY32zKXo6GQ/JIQGLbbSQ5a3k+NHh5VkQ5AJFA++6cr+EtErj1aG8H4K7x8GwQ9/YzArNBQ06ryvKZL+WQ=="
    }
  }
}
